
Microsoft Visual Studio Solution File, Format Version 12.00
# Visual Studio Version 16
VisualStudioVersion = 16.0.29215.179
MinimumVisualStudioVersion = 10.0.40219.1
Project("{FAE04EC0-301F-11D3-BF4B-00C04F79EFBC}") = "Calc", "Calc\Calc.csproj", "{CDCBA6A8-1257-477E-9A04-844D51362496}"
EndProject
Global
	GlobalSection(SolutionConfigurationPlatforms) = preSolution
		Debug|Any CPU = Debug|Any CPU
		Release|Any CPU = Release|Any CPU
	EndGlobalSection
	GlobalSection(ProjectConfigurationPlatforms) = postSolution
		{CDCBA6A8-1257-477E-9A04-844D51362496}.Debug|Any CPU.ActiveCfg = Debug|Any CPU
		{CDCBA6A8-1257-477E-9A04-844D51362496}.Debug|Any CPU.Build.0 = Debug|Any CPU
		{CDCBA6A8-1257-477E-9A04-844D51362496}.Release|Any CPU.ActiveCfg = Release|Any CPU
		{CDCBA6A8-1257-477E-9A04-844D51362496}.Release|Any CPU.Build.0 = Release|Any CPU
	EndGlobalSection
	GlobalSection(SolutionProperties) = preSolution
		HideSolutionNode = FALSE
	EndGlobalSection
	GlobalSection(ExtensibilityGlobals) = postSolution
		SolutionGuid = {5304E9CE-10E2-4647-9AB9-DE2EE2A8942B}
	EndGlobalSection
EndGlobal
